
Microsoft Visual Studio Solution File, Format Version 12.00
# Visual Studio Version 17
VisualStudioVersion = 17.10.35013.160
MinimumVisualStudioVersion = 10.0.40219.1
Project("{FAE04EC0-301F-11D3-BF4B-00C04F79EFBC}") = "CodingTest_두수의 합", "CodingTest_두수의 합.csproj", "{9645476E-5A3C-4271-9EB5-8A77D26EA4AA}"
EndProject
Global
	GlobalSection(SolutionConfigurationPlatforms) = preSolution
		Debug|Any CPU = Debug|Any CPU
		Release|Any CPU = Release|Any CPU
	EndGlobalSection
	GlobalSection(ProjectConfigurationPlatforms) = postSolution
		{9645476E-5A3C-4271-9EB5-8A77D26EA4AA}.Debug|Any CPU.ActiveCfg = Debug|Any CPU
		{9645476E-5A3C-4271-9EB5-8A77D26EA4AA}.Debug|Any CPU.Build.0 = Debug|Any CPU
		{9645476E-5A3C-4271-9EB5-8A77D26EA4AA}.Release|Any CPU.ActiveCfg = Release|Any CPU
		{9645476E-5A3C-4271-9EB5-8A77D26EA4AA}.Release|Any CPU.Build.0 = Release|Any CPU
	EndGlobalSection
	GlobalSection(SolutionProperties) = preSolution
		HideSolutionNode = FALSE
	EndGlobalSection
	GlobalSection(ExtensibilityGlobals) = postSolution
		SolutionGuid = {87AAD92F-9FDA-4E91-9ED3-444714A10067}
	EndGlobalSection
EndGlobal
